
Microsoft Visual Studio Solution File, Format Version 12.00
# Visual Studio Version 17
VisualStudioVersion = 17.9.34607.119
MinimumVisualStudioVersion = 10.0.40219.1
Project("{FAE04EC0-301F-11D3-BF4B-00C04F79EFBC}") = "E-Commerce", "E-Commerce\E-Commerce.csproj", "{921E40F6-F340-471D-AC47-7827C5326CB1}"
EndProject
Global
	GlobalSection(SolutionConfigurationPlatforms) = preSolution
		Debug|Any CPU = Debug|Any CPU
		Release|Any CPU = Release|Any CPU
	EndGlobalSection
	GlobalSection(ProjectConfigurationPlatforms) = postSolution
		{921E40F6-F340-471D-AC47-7827C5326CB1}.Debug|Any CPU.ActiveCfg = Debug|Any CPU
		{921E40F6-F340-471D-AC47-7827C5326CB1}.Debug|Any CPU.Build.0 = Debug|Any CPU
		{921E40F6-F340-471D-AC47-7827C5326CB1}.Release|Any CPU.ActiveCfg = Release|Any CPU
		{921E40F6-F340-471D-AC47-7827C5326CB1}.Release|Any CPU.Build.0 = Release|Any CPU
	EndGlobalSection
	GlobalSection(SolutionProperties) = preSolution
		HideSolutionNode = FALSE
	EndGlobalSection
	GlobalSection(ExtensibilityGlobals) = postSolution
		SolutionGuid = {B1DA2AE1-927B-4729-B0FF-6776A21321BC}
	EndGlobalSection
EndGlobal
